
Microsoft Visual Studio Solution File, Format Version 12.00
# Visual Studio Version 17
VisualStudioVersion = 17.11.35222.181
MinimumVisualStudioVersion = 10.0.40219.1
Project("{FAE04EC0-301F-11D3-BF4B-00C04F79EFBC}") = "SingletonProject", "SingletonProject\SingletonProject.csproj", "{357E9BBA-D0CA-487E-8B42-32A267402A0E}"
EndProject
Global
	GlobalSection(SolutionConfigurationPlatforms) = preSolution
		Debug|Any CPU = Debug|Any CPU
		Release|Any CPU = Release|Any CPU
	EndGlobalSection
	GlobalSection(ProjectConfigurationPlatforms) = postSolution
		{357E9BBA-D0CA-487E-8B42-32A267402A0E}.Debug|Any CPU.ActiveCfg = Debug|Any CPU
		{357E9BBA-D0CA-487E-8B42-32A267402A0E}.Debug|Any CPU.Build.0 = Debug|Any CPU
		{357E9BBA-D0CA-487E-8B42-32A267402A0E}.Release|Any CPU.ActiveCfg = Release|Any CPU
		{357E9BBA-D0CA-487E-8B42-32A267402A0E}.Release|Any CPU.Build.0 = Release|Any CPU
	EndGlobalSection
	GlobalSection(SolutionProperties) = preSolution
		HideSolutionNode = FALSE
	EndGlobalSection
	GlobalSection(ExtensibilityGlobals) = postSolution
		SolutionGuid = {0E0C89A8-0032-4109-A953-01307E87ADFB}
	EndGlobalSection
EndGlobal
